
Microsoft Visual Studio Solution File, Format Version 12.00
# Visual Studio Version 17
VisualStudioVersion = 17.14.36414.22 d17.14
MinimumVisualStudioVersion = 10.0.40219.1
Project("{FAE04EC0-301F-11D3-BF4B-00C04F79EFBC}") = "RSA_C#", "RSA_C#.csproj", "{4DC4DB42-3483-47E6-8B66-B0C511039392}"
EndProject
Global
	GlobalSection(SolutionConfigurationPlatforms) = preSolution
		Debug|Any CPU = Debug|Any CPU
		Release|Any CPU = Release|Any CPU
	EndGlobalSection
	GlobalSection(ProjectConfigurationPlatforms) = postSolution
		{4DC4DB42-3483-47E6-8B66-B0C511039392}.Debug|Any CPU.ActiveCfg = Debug|Any CPU
		{4DC4DB42-3483-47E6-8B66-B0C511039392}.Debug|Any CPU.Build.0 = Debug|Any CPU
		{4DC4DB42-3483-47E6-8B66-B0C511039392}.Release|Any CPU.ActiveCfg = Release|Any CPU
		{4DC4DB42-3483-47E6-8B66-B0C511039392}.Release|Any CPU.Build.0 = Release|Any CPU
	EndGlobalSection
	GlobalSection(SolutionProperties) = preSolution
		HideSolutionNode = FALSE
	EndGlobalSection
	GlobalSection(ExtensibilityGlobals) = postSolution
		SolutionGuid = {7498068E-7E95-45E9-9CBB-A1D6F0E28A6F}
	EndGlobalSection
EndGlobal
